{
  "nodes": {
    "darwin": {
      "locked": {
        "lastModified": 1714858427,
        "narHash": "sha256-tCxeDP4C1pWe2rYY3IIhdA40Ujz32Ufd4tcrHPSKx2M=",
        "owner": "NixOS",
        "repo": "nixpkgs",
        "rev": "b980b91038fc4b09067ef97bbe5ad07eecca1e76",
        "type": "github"
      },
      "original": {
        "id": "nixpkgs",
        "ref": "nixpkgs-23.11-darwin",
        "type": "indirect"
      }
    },
    "root": {
      "inputs": {
        "darwin": "darwin",
        "stable": "stable",
        "unstable": "unstable"
      }
    },
    "stable": {
      "locked": {
        "lastModified": 1714685007,
        "narHash": "sha256-Q4ddhb5eC5pwci0QhAapFwnsc8X8H9ZMQiWpsofBsDc=",
        "owner": "NixOS",
        "repo": "nixpkgs",
        "rev": "383ffe076d9b633a2e97b6e4dd97fc15fcf30159",
        "type": "github"
      },
      "original": {
        "id": "nixpkgs",
        "ref": "nixos-23.11",
        "type": "indirect"
      }
    },
    "unstable": {
      "locked": {
        "lastModified": 1714763106,
        "narHash": "sha256-DrDHo74uTycfpAF+/qxZAMlP/Cpe04BVioJb6fdI0YY=",
        "owner": "NixOS",
        "repo": "nixpkgs",
        "rev": "e9be42459999a253a9f92559b1f5b72e1b44c13d",
        "type": "github"
      },
      "original": {
        "id": "nixpkgs",
        "ref": "nixos-unstable",
        "type": "indirect"
      }
    }
  },
  "root": "root",
  "version": 7
}
